// !$*UTF8*$!
{
	archiveVersion = 1;
	classes = {
	};
	objectVersion = 46;
	objects = {

/* Begin PBXBuildFile section */
		4E31E5E51B22FA2E006301E2 /* searcherLinksWebTests.m in Sources */ = {isa = PBXBuildFile; fileRef = 4E31E5E41B22FA2E006301E2 /* searcherLinksWebTests.m */; };
		4E31E5E71B22FE56006301E2 /* regularExpressionTest.m in Sources */ = {isa = PBXBuildFile; fileRef = 4E31E5E61B22FE56006301E2 /* regularExpressionTest.m */; };
		4E71A8391B20E0E900E0C598 /* main.m in Sources */ = {isa = PBXBuildFile; fileRef = 4E71A8381B20E0E900E0C598 /* main.m */; };
		4E71A83C1B20E0E900E0C598 /* AppDelegate.m in Sources */ = {isa = PBXBuildFile; fileRef = 4E71A83B1B20E0E900E0C598 /* AppDelegate.m */; };
		4E71A8421B20E0E900E0C598 /* Main.storyboard in Resources */ = {isa = PBXBuildFile; fileRef = 4E71A8401B20E0E900E0C598 /* Main.storyboard */; };
		4E71A8441B20E0E900E0C598 /* Images.xcassets in Resources */ = {isa = PBXBuildFile; fileRef = 4E71A8431B20E0E900E0C598 /* Images.xcassets */; };
		4E71A8471B20E0E900E0C598 /* LaunchScreen.xib in Resources */ = {isa = PBXBuildFile; fileRef = 4E71A8451B20E0E900E0C598 /* LaunchScreen.xib */; };
		4E71A85E1B20E15A00E0C598 /* SearcherLinksWeb.m in Sources */ = {isa = PBXBuildFile; fileRef = 4E71A85D1B20E15A00E0C598 /* SearcherLinksWeb.m */; };
		4ED2C3B11B245BDE00AA102E /* Localizable.strings in Resources */ = {isa = PBXBuildFile; fileRef = 4ED2C3B31B245BDE00AA102E /* Localizable.strings */; };
		4ED5AC361B21F20C006DBB76 /* LinksTableViewController.m in Sources */ = {isa = PBXBuildFile; fileRef = 4ED5AC351B21F20C006DBB76 /* LinksTableViewController.m */; };
		4EE17C201B232FB700736FD6 /* common.m in Sources */ = {isa = PBXBuildFile; fileRef = 4EE17C1F1B232FB700736FD6 /* common.m */; };
/* End PBXBuildFile section */

/* Begin PBXContainerItemProxy section */
		4E71A84D1B20E0EA00E0C598 /* PBXContainerItemProxy */ = {
			isa = PBXContainerItemProxy;
			containerPortal = 4E71A82B1B20E0E900E0C598 /* Project object */;
			proxyType = 1;
			remoteGlobalIDString = 4E71A8321B20E0E900E0C598;
			remoteInfo = searchLinksVisualWeb;
		};
/* End PBXContainerItemProxy section */

/* Begin PBXFileReference section */
		4E31E5E41B22FA2E006301E2 /* searcherLinksWebTests.m */ = {isa = PBXFileReference; fileEncoding = 4; lastKnownFileType = sourcecode.c.objc; path = searcherLinksWebTests.m; sourceTree = "<group>"; };
		4E31E5E61B22FE56006301E2 /* regularExpressionTest.m */ = {isa = PBXFileReference; fileEncoding = 4; lastKnownFileType = sourcecode.c.objc; path = regularExpressionTest.m; sourceTree = "<group>"; };
		4E71A8331B20E0E900E0C598 /* searchLinksVisualWeb.app */ = {isa = PBXFileReference; explicitFileType = wrapper.application; includeInIndex = 0; path = searchLinksVisualWeb.app; sourceTree = BUILT_PRODUCTS_DIR; };
		4E71A8371B20E0E900E0C598 /* Info.plist */ = {isa = PBXFileReference; lastKnownFileType = text.plist.xml; path = Info.plist; sourceTree = "<group>"; };
		4E71A8381B20E0E900E0C598 /* main.m */ = {isa = PBXFileReference; lastKnownFileType = sourcecode.c.objc; path = main.m; sourceTree = "<group>"; };
		4E71A83A1B20E0E900E0C598 /* AppDelegate.h */ = {isa = PBXFileReference; lastKnownFileType = sourcecode.c.h; path = AppDelegate.h; sourceTree = "<group>"; };
		4E71A83B1B20E0E900E0C598 /* AppDelegate.m */ = {isa = PBXFileReference; lastKnownFileType = sourcecode.c.objc; path = AppDelegate.m; sourceTree = "<group>"; };
		4E71A8411B20E0E900E0C598 /* Base */ = {isa = PBXFileReference; lastKnownFileType = file.storyboard; name = Base; path = Base.lproj/Main.storyboard; sourceTree = "<group>"; };
		4E71A8431B20E0E900E0C598 /* Images.xcassets */ = {isa = PBXFileReference; lastKnownFileType = folder.assetcatalog; path = Images.xcassets; sourceTree = "<group>"; };
		4E71A8461B20E0E900E0C598 /* Base */ = {isa = PBXFileReference; lastKnownFileType = file.xib; name = Base; path = Base.lproj/LaunchScreen.xib; sourceTree = "<group>"; };
		4E71A84C1B20E0EA00E0C598 /* searchLinksVisualWebTests.xctest */ = {isa = PBXFileReference; explicitFileType = wrapper.cfbundle; includeInIndex = 0; path = searchLinksVisualWebTests.xctest; sourceTree = BUILT_PRODUCTS_DIR; };
		4E71A8511B20E0EA00E0C598 /* Info.plist */ = {isa = PBXFileReference; lastKnownFileType = text.plist.xml; path = Info.plist; sourceTree = "<group>"; };
		4E71A85C1B20E15A00E0C598 /* SearcherLinksWeb.h */ = {isa = PBXFileReference; fileEncoding = 4; lastKnownFileType = sourcecode.c.h; path = SearcherLinksWeb.h; sourceTree = "<group>"; };
		4E71A85D1B20E15A00E0C598 /* SearcherLinksWeb.m */ = {isa = PBXFileReference; fileEncoding = 4; lastKnownFileType = sourcecode.c.objc; path = SearcherLinksWeb.m; sourceTree = "<group>"; };
		4ED2C3AF1B245B8B00AA102E /* es */ = {isa = PBXFileReference; lastKnownFileType = text.plist.strings; name = es; path = es.lproj/Main.strings; sourceTree = "<group>"; };
		4ED2C3B01B245B8B00AA102E /* es */ = {isa = PBXFileReference; lastKnownFileType = text.plist.strings; name = es; path = es.lproj/LaunchScreen.strings; sourceTree = "<group>"; };
		4ED2C3B21B245BDE00AA102E /* en */ = {isa = PBXFileReference; lastKnownFileType = text.plist.strings; name = en; path = en.lproj/Localizable.strings; sourceTree = "<group>"; };
		4ED2C3B41B245BE000AA102E /* es */ = {isa = PBXFileReference; lastKnownFileType = text.plist.strings; name = es; path = es.lproj/Localizable.strings; sourceTree = "<group>"; };
		4ED5AC341B21F20C006DBB76 /* LinksTableViewController.h */ = {isa = PBXFileReference; fileEncoding = 4; lastKnownFileType = sourcecode.c.h; path = LinksTableViewController.h; sourceTree = "<group>"; };
		4ED5AC351B21F20C006DBB76 /* LinksTableViewController.m */ = {isa = PBXFileReference; fileEncoding = 4; lastKnownFileType = sourcecode.c.objc; path = LinksTableViewController.m; sourceTree = "<group>"; };
		4EE17C1E1B232FB700736FD6 /* common.h */ = {isa = PBXFileReference; fileEncoding = 4; lastKnownFileType = sourcecode.c.h; path = common.h; sourceTree = "<group>"; };
		4EE17C1F1B232FB700736FD6 /* common.m */ = {isa = PBXFileReference; fileEncoding = 4; lastKnownFileType = sourcecode.c.objc; path = common.m; sourceTree = "<group>"; };
/* End PBXFileReference section */

/* Begin PBXFrameworksBuildPhase section */
		4E71A8301B20E0E900E0C598 /* Frameworks */ = {
			isa = PBXFrameworksBuildPhase;
			buildActionMask = 2147483647;
			files = (
			);
			runOnlyForDeploymentPostprocessing = 0;
		};
		4E71A8491B20E0EA00E0C598 /* Frameworks */ = {
			isa = PBXFrameworksBuildPhase;
			buildActionMask = 2147483647;
			files = (
			);
			runOnlyForDeploymentPostprocessing = 0;
		};
/* End PBXFrameworksBuildPhase section */

/* Begin PBXGroup section */
		4E71A82A1B20E0E900E0C598 = {
			isa = PBXGroup;
			children = (
				4E71A8351B20E0E900E0C598 /* searchLinksVisualWeb */,
				4E71A84F1B20E0EA00E0C598 /* searchLinksVisualWebTests */,
				4E71A8341B20E0E900E0C598 /* Products */,
			);
			sourceTree = "<group>";
		};
		4E71A8341B20E0E900E0C598 /* Products */ = {
			isa = PBXGroup;
			children = (
				4E71A8331B20E0E900E0C598 /* searchLinksVisualWeb.app */,
				4E71A84C1B20E0EA00E0C598 /* searchLinksVisualWebTests.xctest */,
			);
			name = Products;
			sourceTree = "<group>";
		};
		4E71A8351B20E0E900E0C598 /* searchLinksVisualWeb */ = {
			isa = PBXGroup;
			children = (
				4EE17C211B2337A000736FD6 /* Controller */,
				4EE17C231B23382000736FD6 /* Model */,
				4EE17C221B2337CC00736FD6 /* View */,
				4E71A8431B20E0E900E0C598 /* Images.xcassets */,
				4E71A8361B20E0E900E0C598 /* Supporting Files */,
			);
			path = searchLinksVisualWeb;
			sourceTree = "<group>";
		};
		4E71A8361B20E0E900E0C598 /* Supporting Files */ = {
			isa = PBXGroup;
			children = (
				4E71A8371B20E0E900E0C598 /* Info.plist */,
				4E71A8381B20E0E900E0C598 /* main.m */,
				4ED2C3B31B245BDE00AA102E /* Localizable.strings */,
			);
			name = "Supporting Files";
			sourceTree = "<group>";
		};
		4E71A84F1B20E0EA00E0C598 /* searchLinksVisualWebTests */ = {
			isa = PBXGroup;
			children = (
				4E31E5E41B22FA2E006301E2 /* searcherLinksWebTests.m */,
				4E31E5E61B22FE56006301E2 /* regularExpressionTest.m */,
				4E71A8501B20E0EA00E0C598 /* Supporting Files */,
			);
			path = searchLinksVisualWebTests;
			sourceTree = "<group>";
		};
		4E71A8501B20E0EA00E0C598 /* Supporting Files */ = {
			isa = PBXGroup;
			children = (
				4E71A8511B20E0EA00E0C598 /* Info.plist */,
			);
			name = "Supporting Files";
			sourceTree = "<group>";
		};
		4EE17C211B2337A000736FD6 /* Controller */ = {
			isa = PBXGroup;
			children = (
				4E71A83A1B20E0E900E0C598 /* AppDelegate.h */,
				4E71A83B1B20E0E900E0C598 /* AppDelegate.m */,
				4ED5AC341B21F20C006DBB76 /* LinksTableViewController.h */,
				4ED5AC351B21F20C006DBB76 /* LinksTableViewController.m */,
			);
			name = Controller;
			sourceTree = "<group>";
		};
		4EE17C221B2337CC00736FD6 /* View */ = {
			isa = PBXGroup;
			children = (
				4E71A8401B20E0E900E0C598 /* Main.storyboard */,
				4E71A8451B20E0E900E0C598 /* LaunchScreen.xib */,
			);
			name = View;
			sourceTree = "<group>";
		};
		4EE17C231B23382000736FD6 /* Model */ = {
			isa = PBXGroup;
			children = (
				4E71A85C1B20E15A00E0C598 /* SearcherLinksWeb.h */,
				4E71A85D1B20E15A00E0C598 /* SearcherLinksWeb.m */,
				4EE17C1E1B232FB700736FD6 /* common.h */,
				4EE17C1F1B232FB700736FD6 /* common.m */,
			);
			name = Model;
			sourceTree = "<group>";
		};
/* End PBXGroup section */

/* Begin PBXNativeTarget section */
		4E71A8321B20E0E900E0C598 /* searchLinksVisualWeb */ = {
			isa = PBXNativeTarget;
			buildConfigurationList = 4E71A8561B20E0EA00E0C598 /* Build configuration list for PBXNativeTarget "searchLinksVisualWeb" */;
			buildPhases = (
				4E71A82F1B20E0E900E0C598 /* Sources */,
				4E71A8301B20E0E900E0C598 /* Frameworks */,
				4E71A8311B20E0E900E0C598 /* Resources */,
			);
			buildRules = (
			);
			dependencies = (
			);
			name = searchLinksVisualWeb;
			productName = searchLinksVisualWeb;
			productReference = 4E71A8331B20E0E900E0C598 /* searchLinksVisualWeb.app */;
			productType = "com.apple.product-type.application";
		};
		4E71A84B1B20E0EA00E0C598 /* searchLinksVisualWebTests */ = {
			isa = PBXNativeTarget;
			buildConfigurationList = 4E71A8591B20E0EA00E0C598 /* Build configuration list for PBXNativeTarget "searchLinksVisualWebTests" */;
			buildPhases = (
				4E71A8481B20E0EA00E0C598 /* Sources */,
				4E71A8491B20E0EA00E0C598 /* Frameworks */,
				4E71A84A1B20E0EA00E0C598 /* Resources */,
			);
			buildRules = (
			);
			dependencies = (
				4E71A84E1B20E0EA00E0C598 /* PBXTargetDependency */,
			);
			name = searchLinksVisualWebTests;
			productName = searchLinksVisualWebTests;
			productReference = 4E71A84C1B20E0EA00E0C598 /* searchLinksVisualWebTests.xctest */;
			productType = "com.apple.product-type.bundle.unit-test";
		};
/* End PBXNativeTarget section */

/* Begin PBXProject section */
		4E71A82B1B20E0E900E0C598 /* Project object */ = {
			isa = PBXProject;
			attributes = {
				LastUpgradeCheck = 0620;
				ORGANIZATIONNAME = "Joan Fabregat Bellido";
				TargetAttributes = {
					4E71A8321B20E0E900E0C598 = {
						CreatedOnToolsVersion = 6.2;
					};
					4E71A84B1B20E0EA00E0C598 = {
						CreatedOnToolsVersion = 6.2;
						TestTargetID = 4E71A8321B20E0E900E0C598;
					};
				};
			};
			buildConfigurationList = 4E71A82E1B20E0E900E0C598 /* Build configuration list for PBXProject "searchLinksVisualWeb" */;
			compatibilityVersion = "Xcode 3.2";
			developmentRegion = English;
			hasScannedForEncodings = 0;
			knownRegions = (
				en,
				Base,
				es,
			);
			mainGroup = 4E71A82A1B20E0E900E0C598;
			productRefGroup = 4E71A8341B20E0E900E0C598 /* Products */;
			projectDirPath = "";
			projectRoot = "";
			targets = (
				4E71A8321B20E0E900E0C598 /* searchLinksVisualWeb */,
				4E71A84B1B20E0EA00E0C598 /* searchLinksVisualWebTests */,
			);
		};
/* End PBXProject section */

/* Begin PBXResourcesBuildPhase section */
		4E71A8311B20E0E900E0C598 /* Resources */ = {
			isa = PBXResourcesBuildPhase;
			buildActionMask = 2147483647;
			files = (
				4E71A8421B20E0E900E0C598 /* Main.storyboard in Resources */,
				4ED2C3B11B245BDE00AA102E /* Localizable.strings in Resources */,
				4E71A8471B20E0E900E0C598 /* LaunchScreen.xib in Resources */,
				4E71A8441B20E0E900E0C598 /* Images.xcassets in Resources */,
			);
			runOnlyForDeploymentPostprocessing = 0;
		};
		4E71A84A1B20E0EA00E0C598 /* Resources */ = {
			isa = PBXResourcesBuildPhase;
			buildActionMask = 2147483647;
			files = (
			);
			runOnlyForDeploymentPostprocessing = 0;
		};
/* End PBXResourcesBuildPhase section */

/* Begin PBXSourcesBuildPhase section */
		4E71A82F1B20E0E900E0C598 /* Sources */ = {
			isa = PBXSourcesBuildPhase;
			buildActionMask = 2147483647;
			files = (
				4ED5AC361B21F20C006DBB76 /* LinksTableViewController.m in Sources */,
				4EE17C201B232FB700736FD6 /* common.m in Sources */,
				4E71A85E1B20E15A00E0C598 /* SearcherLinksWeb.m in Sources */,
				4E71A83C1B20E0E900E0C598 /* AppDelegate.m in Sources */,
				4E71A8391B20E0E900E0C598 /* main.m in Sources */,
			);
			runOnlyForDeploymentPostprocessing = 0;
		};
		4E71A8481B20E0EA00E0C598 /* Sources */ = {
			isa = PBXSourcesBuildPhase;
			buildActionMask = 2147483647;
			files = (
				4E31E5E71B22FE56006301E2 /* regularExpressionTest.m in Sources */,
				4E31E5E51B22FA2E006301E2 /* searcherLinksWebTests.m in Sources */,
			);
			runOnlyForDeploymentPostprocessing = 0;
		};
/* End PBXSourcesBuildPhase section */

/* Begin PBXTargetDependency section */
		4E71A84E1B20E0EA00E0C598 /* PBXTargetDependency */ = {
			isa = PBXTargetDependency;
			target = 4E71A8321B20E0E900E0C598 /* searchLinksVisualWeb */;
			targetProxy = 4E71A84D1B20E0EA00E0C598 /* PBXContainerItemProxy */;
		};
/* End PBXTargetDependency section */

/* Begin PBXVariantGroup section */
		4E71A8401B20E0E900E0C598 /* Main.storyboard */ = {
			isa = PBXVariantGroup;
			children = (
				4E71A8411B20E0E900E0C598 /* Base */,
				4ED2C3AF1B245B8B00AA102E /* es */,
			);
			name = Main.storyboard;
			sourceTree = "<group>";
		};
		4E71A8451B20E0E900E0C598 /* LaunchScreen.xib */ = {
			isa = PBXVariantGroup;
			children = (
				4E71A8461B20E0E900E0C598 /* Base */,
				4ED2C3B01B245B8B00AA102E /* es */,
			);
			name = LaunchScreen.xib;
			sourceTree = "<group>";
		};
		4ED2C3B31B245BDE00AA102E /* Localizable.strings */ = {
			isa = PBXVariantGroup;
			children = (
				4ED2C3B21B245BDE00AA102E /* en */,
				4ED2C3B41B245BE000AA102E /* es */,
			);
			name = Localizable.strings;
			sourceTree = "<group>";
		};
/* End PBXVariantGroup section */

/* Begin XCBuildConfiguration section */
		4E71A8541B20E0EA00E0C598 /* Debug */ = {
			isa = XCBuildConfiguration;
			buildSettings = {
				ALWAYS_SEARCH_USER_PATHS = NO;
				CLANG_CXX_LANGUAGE_STANDARD = "gnu++0x";
				CLANG_CXX_LIBRARY = "libc++";
				CLANG_ENABLE_MODULES = YES;
				CLANG_ENABLE_OBJC_ARC = YES;
				CLANG_WARN_BOOL_CONVERSION = YES;
				CLANG_WARN_CONSTANT_CONVERSION = YES;
				CLANG_WARN_DIRECT_OBJC_ISA_USAGE = YES_ERROR;
				CLANG_WARN_EMPTY_BODY = YES;
				CLANG_WARN_ENUM_CONVERSION = YES;
				CLANG_WARN_INT_CONVERSION = YES;
				CLANG_WARN_OBJC_ROOT_CLASS = YES_ERROR;
				CLANG_WARN_UNREACHABLE_CODE = YES;
				CLANG_WARN__DUPLICATE_METHOD_MATCH = YES;
				"CODE_SIGN_IDENTITY[sdk=iphoneos*]" = "iPhone Developer";
				COPY_PHASE_STRIP = NO;
				ENABLE_STRICT_OBJC_MSGSEND = YES;
				GCC_C_LANGUAGE_STANDARD = gnu99;
				GCC_DYNAMIC_NO_PIC = NO;
				GCC_OPTIMIZATION_LEVEL = 0;
				GCC_PREPROCESSOR_DEFINITIONS = (
					"DEBUG=1",
					"$(inherited)",
				);
				GCC_SYMBOLS_PRIVATE_EXTERN = NO;
				GCC_WARN_64_TO_32_BIT_CONVERSION = YES;
				GCC_WARN_ABOUT_RETURN_TYPE = YES_ERROR;
				GCC_WARN_UNDECLARED_SELECTOR = YES;
				GCC_WARN_UNINITIALIZED_AUTOS = YES_AGGRESSIVE;
				GCC_WARN_UNUSED_FUNCTION = YES;
				GCC_WARN_UNUSED_VARIABLE = YES;
				IPHONEOS_DEPLOYMENT_TARGET = 8.2;
				MTL_ENABLE_DEBUG_INFO = YES;
				ONLY_ACTIVE_ARCH = YES;
				SDKROOT = iphoneos;
				TARGETED_DEVICE_FAMILY = "1,2";
			};
			name = Debug;
		};
		4E71A8551B20E0EA00E0C598 /* Release */ = {
			isa = XCBuildConfiguration;
			buildSettings = {
				ALWAYS_SEARCH_USER_PATHS = NO;
				CLANG_CXX_LANGUAGE_STANDARD = "gnu++0x";
				CLANG_CXX_LIBRARY = "libc++";
				CLANG_ENABLE_MODULES = YES;
				CLANG_ENABLE_OBJC_ARC = YES;
				CLANG_WARN_BOOL_CONVERSION = YES;
				CLANG_WARN_CONSTANT_CONVERSION = YES;
				CLANG_WARN_DIRECT_OBJC_ISA_USAGE = YES_ERROR;
				CLANG_WARN_EMPTY_BODY = YES;
				CLANG_WARN_ENUM_CONVERSION = YES;
				CLANG_WARN_INT_CONVERSION = YES;
				CLANG_WARN_OBJC_ROOT_CLASS = YES_ERROR;
				CLANG_WARN_UNREACHABLE_CODE = YES;
				CLANG_WARN__DUPLICATE_METHOD_MATCH = YES;
				"CODE_SIGN_IDENTITY[sdk=iphoneos*]" = "iPhone Developer";
				COPY_PHASE_STRIP = NO;
				ENABLE_NS_ASSERTIONS = NO;
				ENABLE_STRICT_OBJC_MSGSEND = YES;
				GCC_C_LANGUAGE_STANDARD = gnu99;
				GCC_WARN_64_TO_32_BIT_CONVERSION = YES;
				GCC_WARN_ABOUT_RETURN_TYPE = YES_ERROR;
				GCC_WARN_UNDECLARED_SELECTOR = YES;
				GCC_WARN_UNINITIALIZED_AUTOS = YES_AGGRESSIVE;
				GCC_WARN_UNUSED_FUNCTION = YES;
				GCC_WARN_UNUSED_VARIABLE = YES;
				IPHONEOS_DEPLOYMENT_TARGET = 8.2;
				MTL_ENABLE_DEBUG_INFO = NO;
				SDKROOT = iphoneos;
				TARGETED_DEVICE_FAMILY = "1,2";
				VALIDATE_PRODUCT = YES;
			};
			name = Release;
		};
		4E71A8571B20E0EA00E0C598 /* Debug */ = {
			isa = XCBuildConfiguration;
			buildSettings = {
				ASSETCATALOG_COMPILER_APPICON_NAME = AppIcon;
				INFOPLIST_FILE = searchLinksVisualWeb/Info.plist;
				LD_RUNPATH_SEARCH_PATHS = "$(inherited) @executable_path/Frameworks";
				PRODUCT_NAME = "$(TARGET_NAME)";
			};
			name = Debug;
		};
		4E71A8581B20E0EA00E0C598 /* Release */ = {
			isa = XCBuildConfiguration;
			buildSettings = {
				ASSETCATALOG_COMPILER_APPICON_NAME = AppIcon;
				INFOPLIST_FILE = searchLinksVisualWeb/Info.plist;
				LD_RUNPATH_SEARCH_PATHS = "$(inherited) @executable_path/Frameworks";
				PRODUCT_NAME = "$(TARGET_NAME)";
			};
			name = Release;
		};
		4E71A85A1B20E0EA00E0C598 /* Debug */ = {
			isa = XCBuildConfiguration;
			buildSettings = {
				BUNDLE_LOADER = "$(TEST_HOST)";
				FRAMEWORK_SEARCH_PATHS = (
					"$(SDKROOT)/Developer/Library/Frameworks",
					"$(inherited)",
				);
				GCC_PREPROCESSOR_DEFINITIONS = (
					"DEBUG=1",
					"$(inherited)",
				);
				INFOPLIST_FILE = searchLinksVisualWebTests/Info.plist;
				LD_RUNPATH_SEARCH_PATHS = "$(inherited) @executable_path/Frameworks @loader_path/Frameworks";
				PRODUCT_NAME = "$(TARGET_NAME)";
				TEST_HOST = "$(BUILT_PRODUCTS_DIR)/searchLinksVisualWeb.app/searchLinksVisualWeb";
			};
			name = Debug;
		};
		4E71A85B1B20E0EA00E0C598 /* Release */ = {
			isa = XCBuildConfiguration;
			buildSettings = {
				BUNDLE_LOADER = "$(TEST_HOST)";
				FRAMEWORK_SEARCH_PATHS = (
					"$(SDKROOT)/Developer/Library/Frameworks",
					"$(inherited)",
				);
				INFOPLIST_FILE = searchLinksVisualWebTests/Info.plist;
				LD_RUNPATH_SEARCH_PATHS = "$(inherited) @executable_path/Frameworks @loader_path/Frameworks";
				PRODUCT_NAME = "$(TARGET_NAME)";
				TEST_HOST = "$(BUILT_PRODUCTS_DIR)/searchLinksVisualWeb.app/searchLinksVisualWeb";
			};
			name = Release;
		};
/* End XCBuildConfiguration section */

/* Begin XCConfigurationList section */
		4E71A82E1B20E0E900E0C598 /* Build configuration list for PBXProject "searchLinksVisualWeb" */ = {
			isa = XCConfigurationList;
			buildConfigurations = (
				4E71A8541B20E0EA00E0C598 /* Debug */,
				4E71A8551B20E0EA00E0C598 /* Release */,
			);
			defaultConfigurationIsVisible = 0;
			defaultConfigurationName = Release;
		};
		4E71A8561B20E0EA00E0C598 /* Build configuration list for PBXNativeTarget "searchLinksVisualWeb" */ = {
			isa = XCConfigurationList;
			buildConfigurations = (
				4E71A8571B20E0EA00E0C598 /* Debug */,
				4E71A8581B20E0EA00E0C598 /* Release */,
			);
			defaultConfigurationIsVisible = 0;
			defaultConfigurationName = Release;
		};
		4E71A8591B20E0EA00E0C598 /* Build configuration list for PBXNativeTarget "searchLinksVisualWebTests" */ = {
			isa = XCConfigurationList;
			buildConfigurations = (
				4E71A85A1B20E0EA00E0C598 /* Debug */,
				4E71A85B1B20E0EA00E0C598 /* Release */,
			);
			defaultConfigurationIsVisible = 0;
			defaultConfigurationName = Release;
		};
/* End XCConfigurationList section */
	};
	rootObject = 4E71A82B1B20E0E900E0C598 /* Project object */;
}
